
Microsoft Visual Studio Solution File, Format Version 12.00
Project("{FAE04EC0-301F-11D3-BF4B-00C04F79EFBC}") = "Sobczal.Picturify.Core", "Sobczal.Picturify.Core\Sobczal.Picturify.Core.csproj", "{FCB3BE8E-440D-4A2B-918E-F58507381FB9}"
EndProject
Project("{FAE04EC0-301F-11D3-BF4B-00C04F79EFBC}") = "Console", "Console\Console.csproj", "{16BE6E94-B4F1-4F89-96D2-EBC455A830ED}"
EndProject
Global
	GlobalSection(SolutionConfigurationPlatforms) = preSolution
		Debug|Any CPU = Debug|Any CPU
		Release|Any CPU = Release|Any CPU
	EndGlobalSection
	GlobalSection(ProjectConfigurationPlatforms) = postSolution
		{FCB3BE8E-440D-4A2B-918E-F58507381FB9}.Debug|Any CPU.ActiveCfg = Debug|Any CPU
		{FCB3BE8E-440D-4A2B-918E-F58507381FB9}.Debug|Any CPU.Build.0 = Debug|Any CPU
		{FCB3BE8E-440D-4A2B-918E-F58507381FB9}.Release|Any CPU.ActiveCfg = Release|Any CPU
		{FCB3BE8E-440D-4A2B-918E-F58507381FB9}.Release|Any CPU.Build.0 = Release|Any CPU
		{16BE6E94-B4F1-4F89-96D2-EBC455A830ED}.Debug|Any CPU.ActiveCfg = Debug|Any CPU
		{16BE6E94-B4F1-4F89-96D2-EBC455A830ED}.Debug|Any CPU.Build.0 = Debug|Any CPU
		{16BE6E94-B4F1-4F89-96D2-EBC455A830ED}.Release|Any CPU.ActiveCfg = Release|Any CPU
		{16BE6E94-B4F1-4F89-96D2-EBC455A830ED}.Release|Any CPU.Build.0 = Release|Any CPU
	EndGlobalSection
EndGlobal
